
Microsoft Visual Studio Solution File, Format Version 12.00
# Visual Studio Version 16
VisualStudioVersion = 16.0.29503.13
MinimumVisualStudioVersion = 10.0.40219.1
Project("{FAE04EC0-301F-11D3-BF4B-00C04F79EFBC}") = "WebApi", "WebApi\WebApi.csproj", "{C1924EDF-107C-45C1-B514-B6F4E97519F6}"
EndProject
Global
	GlobalSection(SolutionConfigurationPlatforms) = preSolution
		Debug|Any CPU = Debug|Any CPU
		Release|Any CPU = Release|Any CPU
	EndGlobalSection
	GlobalSection(ProjectConfigurationPlatforms) = postSolution
		{C1924EDF-107C-45C1-B514-B6F4E97519F6}.Debug|Any CPU.ActiveCfg = Debug|Any CPU
		{C1924EDF-107C-45C1-B514-B6F4E97519F6}.Debug|Any CPU.Build.0 = Debug|Any CPU
		{C1924EDF-107C-45C1-B514-B6F4E97519F6}.Release|Any CPU.ActiveCfg = Release|Any CPU
		{C1924EDF-107C-45C1-B514-B6F4E97519F6}.Release|Any CPU.Build.0 = Release|Any CPU
	EndGlobalSection
	GlobalSection(SolutionProperties) = preSolution
		HideSolutionNode = FALSE
	EndGlobalSection
	GlobalSection(ExtensibilityGlobals) = postSolution
		SolutionGuid = {FEEC6F54-4EF6-45C7-BF3E-A874E91F70E5}
	EndGlobalSection
EndGlobal
